Microsoft Visual Studio Solution File, Format Version 12.00
# Visual Studio Version 17
VisualStudioVersion = 17.5.2.0
MinimumVisualStudioVersion = 10.0.40219.1
Project("{FAE04EC0-301F-11D3-BF4B-00C04F79EFBC}") = "EmployeeDeviceManagementMVC", "EmployeeDeviceManagementMVC.csproj", "{1B84C689-B584-A647-5AF6-4774196D40AF}"
EndProject
Global
	GlobalSection(SolutionConfigurationPlatforms) = preSolution
		Debug|Any CPU = Debug|Any CPU
		Release|Any CPU = Release|Any CPU
	EndGlobalSection
	GlobalSection(ProjectConfigurationPlatforms) = postSolution
		{1B84C689-B584-A647-5AF6-4774196D40AF}.Debug|Any CPU.ActiveCfg = Debug|Any CPU
		{1B84C689-B584-A647-5AF6-4774196D40AF}.Debug|Any CPU.Build.0 = Debug|Any CPU
		{1B84C689-B584-A647-5AF6-4774196D40AF}.Release|Any CPU.ActiveCfg = Release|Any CPU
		{1B84C689-B584-A647-5AF6-4774196D40AF}.Release|Any CPU.Build.0 = Release|Any CPU
	EndGlobalSection
	GlobalSection(SolutionProperties) = preSolution
		HideSolutionNode = FALSE
	EndGlobalSection
	GlobalSection(ExtensibilityGlobals) = postSolution
		SolutionGuid = {9371EE7D-13DB-4EEB-8FCD-A2E40736BD47}
	EndGlobalSection
EndGlobal
